
Microsoft Visual Studio Solution File, Format Version 12.00
# Visual Studio 2012
Project("{FAE04EC0-301F-11D3-BF4B-00C04F79EFBC}") = "Shared", "Shared\Shared.csproj", "{65C19B5E-1A08-4513-82DC-D201CC58A9E5}"
EndProject
Project("{FAE04EC0-301F-11D3-BF4B-00C04F79EFBC}") = "MaVoiture.iOS", "iOS\MaVoiture.iOS.csproj", "{69E88BC3-E63F-4095-9F5D-CFC4621C0C7A}"
EndProject
Project("{FAE04EC0-301F-11D3-BF4B-00C04F79EFBC}") = "MaVoiture.Droid", "MaVoiture.Droid\MaVoiture.Droid.csproj", "{0741D50D-BD43-4A69-AABB-48B9695DFC60}"
EndProject
Global
	GlobalSection(SolutionConfigurationPlatforms) = preSolution
		Debug|Any CPU = Debug|Any CPU
		Release|Any CPU = Release|Any CPU
		Debug|iPhoneSimulator = Debug|iPhoneSimulator
		Release|iPhone = Release|iPhone
		Release|iPhoneSimulator = Release|iPhoneSimulator
		Debug|iPhone = Debug|iPhone
	EndGlobalSection
	GlobalSection(ProjectConfigurationPlatforms) = postSolution
		{65C19B5E-1A08-4513-82DC-D201CC58A9E5}.Debug|Any CPU.ActiveCfg = Debug|Any CPU
		{65C19B5E-1A08-4513-82DC-D201CC58A9E5}.Debug|Any CPU.Build.0 = Debug|Any CPU
		{65C19B5E-1A08-4513-82DC-D201CC58A9E5}.Release|Any CPU.ActiveCfg = Release|Any CPU
		{65C19B5E-1A08-4513-82DC-D201CC58A9E5}.Release|Any CPU.Build.0 = Release|Any CPU
		{65C19B5E-1A08-4513-82DC-D201CC58A9E5}.Debug|iPhoneSimulator.ActiveCfg = Debug|Any CPU
		{65C19B5E-1A08-4513-82DC-D201CC58A9E5}.Debug|iPhoneSimulator.Build.0 = Debug|Any CPU
		{65C19B5E-1A08-4513-82DC-D201CC58A9E5}.Release|iPhone.ActiveCfg = Release|Any CPU
		{65C19B5E-1A08-4513-82DC-D201CC58A9E5}.Release|iPhone.Build.0 = Release|Any CPU
		{65C19B5E-1A08-4513-82DC-D201CC58A9E5}.Release|iPhoneSimulator.ActiveCfg = Release|Any CPU
		{65C19B5E-1A08-4513-82DC-D201CC58A9E5}.Release|iPhoneSimulator.Build.0 = Release|Any CPU
		{65C19B5E-1A08-4513-82DC-D201CC58A9E5}.Debug|iPhone.ActiveCfg = Debug|Any CPU
		{65C19B5E-1A08-4513-82DC-D201CC58A9E5}.Debug|iPhone.Build.0 = Debug|Any CPU
		{69E88BC3-E63F-4095-9F5D-CFC4621C0C7A}.Debug|Any CPU.ActiveCfg = Debug|iPhoneSimulator
		{69E88BC3-E63F-4095-9F5D-CFC4621C0C7A}.Debug|Any CPU.Build.0 = Debug|iPhoneSimulator
		{69E88BC3-E63F-4095-9F5D-CFC4621C0C7A}.Release|Any CPU.ActiveCfg = Release|iPhone
		{69E88BC3-E63F-4095-9F5D-CFC4621C0C7A}.Release|Any CPU.Build.0 = Release|iPhone
		{69E88BC3-E63F-4095-9F5D-CFC4621C0C7A}.Debug|iPhoneSimulator.ActiveCfg = Debug|iPhoneSimulator
		{69E88BC3-E63F-4095-9F5D-CFC4621C0C7A}.Debug|iPhoneSimulator.Build.0 = Debug|iPhoneSimulator
		{69E88BC3-E63F-4095-9F5D-CFC4621C0C7A}.Release|iPhone.ActiveCfg = Release|iPhone
		{69E88BC3-E63F-4095-9F5D-CFC4621C0C7A}.Release|iPhone.Build.0 = Release|iPhone
		{69E88BC3-E63F-4095-9F5D-CFC4621C0C7A}.Release|iPhoneSimulator.ActiveCfg = Release|iPhoneSimulator
		{69E88BC3-E63F-4095-9F5D-CFC4621C0C7A}.Release|iPhoneSimulator.Build.0 = Release|iPhoneSimulator
		{69E88BC3-E63F-4095-9F5D-CFC4621C0C7A}.Debug|iPhone.ActiveCfg = Debug|iPhone
		{69E88BC3-E63F-4095-9F5D-CFC4621C0C7A}.Debug|iPhone.Build.0 = Debug|iPhone
		{0741D50D-BD43-4A69-AABB-48B9695DFC60}.Debug|Any CPU.ActiveCfg = Debug|Any CPU
		{0741D50D-BD43-4A69-AABB-48B9695DFC60}.Debug|Any CPU.Build.0 = Debug|Any CPU
		{0741D50D-BD43-4A69-AABB-48B9695DFC60}.Release|Any CPU.ActiveCfg = Release|Any CPU
		{0741D50D-BD43-4A69-AABB-48B9695DFC60}.Release|Any CPU.Build.0 = Release|Any CPU
		{0741D50D-BD43-4A69-AABB-48B9695DFC60}.Debug|iPhoneSimulator.ActiveCfg = Debug|Any CPU
		{0741D50D-BD43-4A69-AABB-48B9695DFC60}.Debug|iPhoneSimulator.Build.0 = Debug|Any CPU
		{0741D50D-BD43-4A69-AABB-48B9695DFC60}.Release|iPhone.ActiveCfg = Release|Any CPU
		{0741D50D-BD43-4A69-AABB-48B9695DFC60}.Release|iPhone.Build.0 = Release|Any CPU
		{0741D50D-BD43-4A69-AABB-48B9695DFC60}.Release|iPhoneSimulator.ActiveCfg = Release|Any CPU
		{0741D50D-BD43-4A69-AABB-48B9695DFC60}.Release|iPhoneSimulator.Build.0 = Release|Any CPU
		{0741D50D-BD43-4A69-AABB-48B9695DFC60}.Debug|iPhone.ActiveCfg = Debug|Any CPU
		{0741D50D-BD43-4A69-AABB-48B9695DFC60}.Debug|iPhone.Build.0 = Debug|Any CPU
	EndGlobalSection
EndGlobal
