
Microsoft Visual Studio Solution File, Format Version 12.00
# Visual Studio 2012
Project("{D954291E-2A0B-460D-934E-DC6B0785DB48}") = "MaVoiture", "MaVoiture\MaVoiture.shproj", "{74E671E5-DCCB-473F-996D-55A0DB615859}"
EndProject
Project("{FAE04EC0-301F-11D3-BF4B-00C04F79EFBC}") = "MaVoiture.Droid", "Droid\MaVoiture.Droid.csproj", "{373AC48F-DFDF-4028-BE2C-7062E2B2D76C}"
EndProject
Project("{FAE04EC0-301F-11D3-BF4B-00C04F79EFBC}") = "MaVoiture.iOS", "iOS\MaVoiture.iOS.csproj", "{1352795E-C518-4B89-8A53-5CBA54871FA1}"
EndProject
Global
	GlobalSection(SolutionConfigurationPlatforms) = preSolution
		Debug|Any CPU = Debug|Any CPU
		Release|Any CPU = Release|Any CPU
		Debug|iPhoneSimulator = Debug|iPhoneSimulator
		Release|iPhone = Release|iPhone
		Release|iPhoneSimulator = Release|iPhoneSimulator
		Debug|iPhone = Debug|iPhone
	EndGlobalSection
	GlobalSection(ProjectConfigurationPlatforms) = postSolution
		{373AC48F-DFDF-4028-BE2C-7062E2B2D76C}.Debug|Any CPU.ActiveCfg = Debug|Any CPU
		{373AC48F-DFDF-4028-BE2C-7062E2B2D76C}.Debug|Any CPU.Build.0 = Debug|Any CPU
		{373AC48F-DFDF-4028-BE2C-7062E2B2D76C}.Release|Any CPU.ActiveCfg = Release|Any CPU
		{373AC48F-DFDF-4028-BE2C-7062E2B2D76C}.Release|Any CPU.Build.0 = Release|Any CPU
		{373AC48F-DFDF-4028-BE2C-7062E2B2D76C}.Debug|iPhoneSimulator.ActiveCfg = Debug|Any CPU
		{373AC48F-DFDF-4028-BE2C-7062E2B2D76C}.Debug|iPhoneSimulator.Build.0 = Debug|Any CPU
		{373AC48F-DFDF-4028-BE2C-7062E2B2D76C}.Release|iPhone.ActiveCfg = Release|Any CPU
		{373AC48F-DFDF-4028-BE2C-7062E2B2D76C}.Release|iPhone.Build.0 = Release|Any CPU
		{373AC48F-DFDF-4028-BE2C-7062E2B2D76C}.Release|iPhoneSimulator.ActiveCfg = Release|Any CPU
		{373AC48F-DFDF-4028-BE2C-7062E2B2D76C}.Release|iPhoneSimulator.Build.0 = Release|Any CPU
		{373AC48F-DFDF-4028-BE2C-7062E2B2D76C}.Debug|iPhone.ActiveCfg = Debug|Any CPU
		{373AC48F-DFDF-4028-BE2C-7062E2B2D76C}.Debug|iPhone.Build.0 = Debug|Any CPU
		{1352795E-C518-4B89-8A53-5CBA54871FA1}.Debug|Any CPU.ActiveCfg = Debug|iPhoneSimulator
		{1352795E-C518-4B89-8A53-5CBA54871FA1}.Debug|Any CPU.Build.0 = Debug|iPhoneSimulator
		{1352795E-C518-4B89-8A53-5CBA54871FA1}.Release|Any CPU.ActiveCfg = Release|iPhone
		{1352795E-C518-4B89-8A53-5CBA54871FA1}.Release|Any CPU.Build.0 = Release|iPhone
		{1352795E-C518-4B89-8A53-5CBA54871FA1}.Debug|iPhoneSimulator.ActiveCfg = Debug|iPhoneSimulator
		{1352795E-C518-4B89-8A53-5CBA54871FA1}.Debug|iPhoneSimulator.Build.0 = Debug|iPhoneSimulator
		{1352795E-C518-4B89-8A53-5CBA54871FA1}.Release|iPhone.ActiveCfg = Release|iPhone
		{1352795E-C518-4B89-8A53-5CBA54871FA1}.Release|iPhone.Build.0 = Release|iPhone
		{1352795E-C518-4B89-8A53-5CBA54871FA1}.Release|iPhoneSimulator.ActiveCfg = Release|iPhoneSimulator
		{1352795E-C518-4B89-8A53-5CBA54871FA1}.Release|iPhoneSimulator.Build.0 = Release|iPhoneSimulator
		{1352795E-C518-4B89-8A53-5CBA54871FA1}.Debug|iPhone.ActiveCfg = Debug|iPhone
		{1352795E-C518-4B89-8A53-5CBA54871FA1}.Debug|iPhone.Build.0 = Debug|iPhone
	EndGlobalSection
EndGlobal
